
Microsoft Visual Studio Solution File, Format Version 12.00
# Visual Studio Version 16
VisualStudioVersion = 16.0.33027.164
MinimumVisualStudioVersion = 10.0.40219.1
Project("{FAE04EC0-301F-11D3-BF4B-00C04F79EFBC}") = "Tiraboschi_Web_service", "Tiraboschi_Web_service\Tiraboschi_Web_service.csproj", "{C5A6E615-1E8D-40E1-A52C-F45AC4A5FBE4}"
EndProject
Global
	GlobalSection(SolutionConfigurationPlatforms) = preSolution
		Debug|Any CPU = Debug|Any CPU
		Release|Any CPU = Release|Any CPU
	EndGlobalSection
	GlobalSection(ProjectConfigurationPlatforms) = postSolution
		{C5A6E615-1E8D-40E1-A52C-F45AC4A5FBE4}.Debug|Any CPU.ActiveCfg = Debug|Any CPU
		{C5A6E615-1E8D-40E1-A52C-F45AC4A5FBE4}.Debug|Any CPU.Build.0 = Debug|Any CPU
		{C5A6E615-1E8D-40E1-A52C-F45AC4A5FBE4}.Release|Any CPU.ActiveCfg = Release|Any CPU
		{C5A6E615-1E8D-40E1-A52C-F45AC4A5FBE4}.Release|Any CPU.Build.0 = Release|Any CPU
	EndGlobalSection
	GlobalSection(SolutionProperties) = preSolution
		HideSolutionNode = FALSE
	EndGlobalSection
	GlobalSection(ExtensibilityGlobals) = postSolution
		SolutionGuid = {E7E996DF-BCF1-49BC-A8CA-8F74FAD642F5}
	EndGlobalSection
EndGlobal
